
Microsoft Visual Studio Solution File, Format Version 12.00
# Visual Studio Version 17
VisualStudioVersion = 17.4.33213.308
MinimumVisualStudioVersion = 10.0.40219.1
Project("{9A19103F-16F7-4668-BE54-9A1E7A4F7556}") = "Sitio", "Sitio\Sitio.csproj", "{FE09A3ED-D048-47E3-B593-2E5572866D8D}"
EndProject
Project("{9A19103F-16F7-4668-BE54-9A1E7A4F7556}") = "Persistencia", "..\Persistencia\Persistencia.csproj", "{28748F2E-8457-493D-81E0-0353FA6B142A}"
EndProject
Project("{9A19103F-16F7-4668-BE54-9A1E7A4F7556}") = "Logica", "..\Logica\Logica.csproj", "{4CBAEA88-B8B1-46F4-B931-E633D3CC5705}"
EndProject
Project("{9A19103F-16F7-4668-BE54-9A1E7A4F7556}") = "EntidadesCompartidas", "..\EntidadesCompartidas\EntidadesCompartidas.csproj", "{91681AB3-3B3B-4048-BBF4-E8D246761D1D}"
EndProject
Project("{9A19103F-16F7-4668-BE54-9A1E7A4F7556}") = "Motor", "..\Motor\Motor.csproj", "{7A6D4ABE-29DA-4261-9F16-20865C30BB7F}"
EndProject
Project("{9A19103F-16F7-4668-BE54-9A1E7A4F7556}") = "APIRest", "..\APIRest\APIRest.csproj", "{59285FE1-ED84-46F6-A78C-77607F195D74}"
EndProject
Global
	GlobalSection(SolutionConfigurationPlatforms) = preSolution
		Debug|Any CPU = Debug|Any CPU
		Release|Any CPU = Release|Any CPU
	EndGlobalSection
	GlobalSection(ProjectConfigurationPlatforms) = postSolution
		{FE09A3ED-D048-47E3-B593-2E5572866D8D}.Debug|Any CPU.ActiveCfg = Debug|Any CPU
		{FE09A3ED-D048-47E3-B593-2E5572866D8D}.Debug|Any CPU.Build.0 = Debug|Any CPU
		{FE09A3ED-D048-47E3-B593-2E5572866D8D}.Release|Any CPU.ActiveCfg = Release|Any CPU
		{FE09A3ED-D048-47E3-B593-2E5572866D8D}.Release|Any CPU.Build.0 = Release|Any CPU
		{28748F2E-8457-493D-81E0-0353FA6B142A}.Debug|Any CPU.ActiveCfg = Debug|Any CPU
		{28748F2E-8457-493D-81E0-0353FA6B142A}.Debug|Any CPU.Build.0 = Debug|Any CPU
		{28748F2E-8457-493D-81E0-0353FA6B142A}.Release|Any CPU.ActiveCfg = Release|Any CPU
		{28748F2E-8457-493D-81E0-0353FA6B142A}.Release|Any CPU.Build.0 = Release|Any CPU
		{4CBAEA88-B8B1-46F4-B931-E633D3CC5705}.Debug|Any CPU.ActiveCfg = Debug|Any CPU
		{4CBAEA88-B8B1-46F4-B931-E633D3CC5705}.Debug|Any CPU.Build.0 = Debug|Any CPU
		{4CBAEA88-B8B1-46F4-B931-E633D3CC5705}.Release|Any CPU.ActiveCfg = Release|Any CPU
		{4CBAEA88-B8B1-46F4-B931-E633D3CC5705}.Release|Any CPU.Build.0 = Release|Any CPU
		{91681AB3-3B3B-4048-BBF4-E8D246761D1D}.Debug|Any CPU.ActiveCfg = Debug|Any CPU
		{91681AB3-3B3B-4048-BBF4-E8D246761D1D}.Debug|Any CPU.Build.0 = Debug|Any CPU
		{91681AB3-3B3B-4048-BBF4-E8D246761D1D}.Release|Any CPU.ActiveCfg = Release|Any CPU
		{91681AB3-3B3B-4048-BBF4-E8D246761D1D}.Release|Any CPU.Build.0 = Release|Any CPU
		{7A6D4ABE-29DA-4261-9F16-20865C30BB7F}.Debug|Any CPU.ActiveCfg = Debug|Any CPU
		{7A6D4ABE-29DA-4261-9F16-20865C30BB7F}.Debug|Any CPU.Build.0 = Debug|Any CPU
		{7A6D4ABE-29DA-4261-9F16-20865C30BB7F}.Release|Any CPU.ActiveCfg = Release|Any CPU
		{7A6D4ABE-29DA-4261-9F16-20865C30BB7F}.Release|Any CPU.Build.0 = Release|Any CPU
		{59285FE1-ED84-46F6-A78C-77607F195D74}.Debug|Any CPU.ActiveCfg = Debug|Any CPU
		{59285FE1-ED84-46F6-A78C-77607F195D74}.Debug|Any CPU.Build.0 = Debug|Any CPU
		{59285FE1-ED84-46F6-A78C-77607F195D74}.Release|Any CPU.ActiveCfg = Release|Any CPU
		{59285FE1-ED84-46F6-A78C-77607F195D74}.Release|Any CPU.Build.0 = Release|Any CPU
	EndGlobalSection
	GlobalSection(SolutionProperties) = preSolution
		HideSolutionNode = FALSE
	EndGlobalSection
	GlobalSection(ExtensibilityGlobals) = postSolution
		SolutionGuid = {FB0DAE8C-CDC2-4A8C-B86B-2B76D7E2B5CD}
	EndGlobalSection
EndGlobal
